
Microsoft Visual Studio Solution File, Format Version 12.00
# Visual Studio Version 17
VisualStudioVersion = 17.1.32210.238
MinimumVisualStudioVersion = 10.0.40219.1
Project("{FAE04EC0-301F-11D3-BF4B-00C04F79EFBC}") = "Day 4 Constructor and destructor C Sharp", "Day 4 Constructor and destructor C Sharp.csproj", "{84F32C10-EC8F-4CE0-89F4-85BEEBE727DD}"
EndProject
Global
	GlobalSection(SolutionConfigurationPlatforms) = preSolution
		Debug|Any CPU = Debug|Any CPU
		Release|Any CPU = Release|Any CPU
	EndGlobalSection
	GlobalSection(ProjectConfigurationPlatforms) = postSolution
		{84F32C10-EC8F-4CE0-89F4-85BEEBE727DD}.Debug|Any CPU.ActiveCfg = Debug|Any CPU
		{84F32C10-EC8F-4CE0-89F4-85BEEBE727DD}.Debug|Any CPU.Build.0 = Debug|Any CPU
		{84F32C10-EC8F-4CE0-89F4-85BEEBE727DD}.Release|Any CPU.ActiveCfg = Release|Any CPU
		{84F32C10-EC8F-4CE0-89F4-85BEEBE727DD}.Release|Any CPU.Build.0 = Release|Any CPU
	EndGlobalSection
	GlobalSection(SolutionProperties) = preSolution
		HideSolutionNode = FALSE
	EndGlobalSection
	GlobalSection(ExtensibilityGlobals) = postSolution
		SolutionGuid = {880E031B-96CD-4CA1-BB70-458B66E65E1E}
	EndGlobalSection
EndGlobal
